// !$*UTF8*$!
{
	archiveVersion = 1;
	classes = {
	};
	objectVersion = 50;
	objects = {

/* Begin PBXBuildFile section */
		747AB18B26C0034400945FFD /* AppDelegate.swift in Sources */ = {isa = PBXBuildFile; fileRef = 747AB18A26C0034400945FFD /* AppDelegate.swift */; };
		747AB18D26C0034400945FFD /* SceneDelegate.swift in Sources */ = {isa = PBXBuildFile; fileRef = 747AB18C26C0034400945FFD /* SceneDelegate.swift */; };
		747AB18F26C0034400945FFD /* ViewController.swift in Sources */ = {isa = PBXBuildFile; fileRef = 747AB18E26C0034400945FFD /* ViewController.swift */; };
		747AB19526C0034400945FFD /* MyCars.xcdatamodeld in Sources */ = {isa = PBXBuildFile; fileRef = 747AB19326C0034400945FFD /* MyCars.xcdatamodeld */; };
		747AB19726C0034900945FFD /* Assets.xcassets in Resources */ = {isa = PBXBuildFile; fileRef = 747AB19626C0034900945FFD /* Assets.xcassets */; };
		747AB19A26C0034900945FFD /* LaunchScreen.storyboard in Resources */ = {isa = PBXBuildFile; fileRef = 747AB19826C0034900945FFD /* LaunchScreen.storyboard */; };
		747AB1A526C0039100945FFD /* Main.storyboard in Resources */ = {isa = PBXBuildFile; fileRef = 747AB1A126C0039000945FFD /* Main.storyboard */; };
		747AB1A626C0039100945FFD /* data.plist in Resources */ = {isa = PBXBuildFile; fileRef = 747AB1A226C0039000945FFD /* data.plist */; };
/* End PBXBuildFile section */

/* Begin PBXFileReference section */
		747AB18726C0034400945FFD /* MyCars.app */ = {isa = PBXFileReference; explicitFileType = wrapper.application; includeInIndex = 0; path = MyCars.app; sourceTree = BUILT_PRODUCTS_DIR; };
		747AB18A26C0034400945FFD /* AppDelegate.swift */ = {isa = PBXFileReference; lastKnownFileType = sourcecode.swift; path = AppDelegate.swift; sourceTree = "<group>"; };
		747AB18C26C0034400945FFD /* SceneDelegate.swift */ = {isa = PBXFileReference; lastKnownFileType = sourcecode.swift; path = SceneDelegate.swift; sourceTree = "<group>"; };
		747AB18E26C0034400945FFD /* ViewController.swift */ = {isa = PBXFileReference; lastKnownFileType = sourcecode.swift; path = ViewController.swift; sourceTree = "<group>"; };
		747AB19426C0034400945FFD /* MyCars.xcdatamodel */ = {isa = PBXFileReference; lastKnownFileType = wrapper.xcdatamodel; path = MyCars.xcdatamodel; sourceTree = "<group>"; };
		747AB19626C0034900945FFD /* Assets.xcassets */ = {isa = PBXFileReference; lastKnownFileType = folder.assetcatalog; path = Assets.xcassets; sourceTree = "<group>"; };
		747AB19926C0034900945FFD /* Base */ = {isa = PBXFileReference; lastKnownFileType = file.storyboard; name = Base; path = Base.lproj/LaunchScreen.storyboard; sourceTree = "<group>"; };
		747AB19B26C0034900945FFD /* Info.plist */ = {isa = PBXFileReference; lastKnownFileType = text.plist.xml; path = Info.plist; sourceTree = "<group>"; };
		747AB1A126C0039000945FFD /* Main.storyboard */ = {isa = PBXFileReference; fileEncoding = 4; lastKnownFileType = file.storyboard; path = Main.storyboard; sourceTree = "<group>"; };
		747AB1A226C0039000945FFD /* data.plist */ = {isa = PBXFileReference; fileEncoding = 4; lastKnownFileType = text.plist.xml; path = data.plist; sourceTree = "<group>"; };
		747AB1A826C0056E00945FFD /* README.md */ = {isa = PBXFileReference; lastKnownFileType = net.daringfireball.markdown; path = README.md; sourceTree = "<group>"; };
/* End PBXFileReference section */

/* Begin PBXFrameworksBuildPhase section */
		747AB18426C0034400945FFD /* Frameworks */ = {
			isa = PBXFrameworksBuildPhase;
			buildActionMask = 2147483647;
			files = (
			);
			runOnlyForDeploymentPostprocessing = 0;
		};
/* End PBXFrameworksBuildPhase section */

/* Begin PBXGroup section */
		747AB17E26C0034400945FFD = {
			isa = PBXGroup;
			children = (
				747AB18926C0034400945FFD /* MyCars */,
				747AB18826C0034400945FFD /* Products */,
				747AB1A826C0056E00945FFD /* README.md */,
			);
			sourceTree = "<group>";
		};
		747AB18826C0034400945FFD /* Products */ = {
			isa = PBXGroup;
			children = (
				747AB18726C0034400945FFD /* MyCars.app */,
			);
			name = Products;
			sourceTree = "<group>";
		};
		747AB18926C0034400945FFD /* MyCars */ = {
			isa = PBXGroup;
			children = (
				747AB1A226C0039000945FFD /* data.plist */,
				747AB1A126C0039000945FFD /* Main.storyboard */,
				747AB18A26C0034400945FFD /* AppDelegate.swift */,
				747AB18C26C0034400945FFD /* SceneDelegate.swift */,
				747AB18E26C0034400945FFD /* ViewController.swift */,
				747AB19626C0034900945FFD /* Assets.xcassets */,
				747AB19826C0034900945FFD /* LaunchScreen.storyboard */,
				747AB19B26C0034900945FFD /* Info.plist */,
				747AB19326C0034400945FFD /* MyCars.xcdatamodeld */,
			);
			path = MyCars;
			sourceTree = "<group>";
		};
/* End PBXGroup section */

/* Begin PBXNativeTarget section */
		747AB18626C0034400945FFD /* MyCars */ = {
			isa = PBXNativeTarget;
			buildConfigurationList = 747AB19E26C0034900945FFD /* Build configuration list for PBXNativeTarget "MyCars" */;
			buildPhases = (
				747AB18326C0034400945FFD /* Sources */,
				747AB18426C0034400945FFD /* Frameworks */,
				747AB18526C0034400945FFD /* Resources */,
			);
			buildRules = (
			);
			dependencies = (
			);
			name = MyCars;
			productName = MyCars;
			productReference = 747AB18726C0034400945FFD /* MyCars.app */;
			productType = "com.apple.product-type.application";
		};
/* End PBXNativeTarget section */

/* Begin PBXProject section */
		747AB17F26C0034400945FFD /* Project object */ = {
			isa = PBXProject;
			attributes = {
				LastSwiftUpdateCheck = 1250;
				LastUpgradeCheck = 1250;
				TargetAttributes = {
					747AB18626C0034400945FFD = {
						CreatedOnToolsVersion = 12.5;
					};
				};
			};
			buildConfigurationList = 747AB18226C0034400945FFD /* Build configuration list for PBXProject "MyCars" */;
			compatibilityVersion = "Xcode 9.3";
			developmentRegion = en;
			hasScannedForEncodings = 0;
			knownRegions = (
				en,
				Base,
			);
			mainGroup = 747AB17E26C0034400945FFD;
			productRefGroup = 747AB18826C0034400945FFD /* Products */;
			projectDirPath = "";
			projectRoot = "";
			targets = (
				747AB18626C0034400945FFD /* MyCars */,
			);
		};
/* End PBXProject section */

/* Begin PBXResourcesBuildPhase section */
		747AB18526C0034400945FFD /* Resources */ = {
			isa = PBXResourcesBuildPhase;
			buildActionMask = 2147483647;
			files = (
				747AB1A526C0039100945FFD /* Main.storyboard in Resources */,
				747AB19A26C0034900945FFD /* LaunchScreen.storyboard in Resources */,
				747AB1A626C0039100945FFD /* data.plist in Resources */,
				747AB19726C0034900945FFD /* Assets.xcassets in Resources */,
			);
			runOnlyForDeploymentPostprocessing = 0;
		};
/* End PBXResourcesBuildPhase section */

/* Begin PBXSourcesBuildPhase section */
		747AB18326C0034400945FFD /* Sources */ = {
			isa = PBXSourcesBuildPhase;
			buildActionMask = 2147483647;
			files = (
				747AB18F26C0034400945FFD /* ViewController.swift in Sources */,
				747AB18B26C0034400945FFD /* AppDelegate.swift in Sources */,
				747AB19526C0034400945FFD /* MyCars.xcdatamodeld in Sources */,
				747AB18D26C0034400945FFD /* SceneDelegate.swift in Sources */,
			);
			runOnlyForDeploymentPostprocessing = 0;
		};
/* End PBXSourcesBuildPhase section */

/* Begin PBXVariantGroup section */
		747AB19826C0034900945FFD /* LaunchScreen.storyboard */ = {
			isa = PBXVariantGroup;
			children = (
				747AB19926C0034900945FFD /* Base */,
			);
			name = LaunchScreen.storyboard;
			sourceTree = "<group>";
		};
/* End PBXVariantGroup section */

/* Begin XCBuildConfiguration section */
		747AB19C26C0034900945FFD /* Debug */ = {
			isa = XCBuildConfiguration;
			buildSettings = {
				ALWAYS_SEARCH_USER_PATHS = NO;
				CLANG_ANALYZER_NONNULL = YES;
				CLANG_ANALYZER_NUMBER_OBJECT_CONVERSION = YES_AGGRESSIVE;
				CLANG_CXX_LANGUAGE_STANDARD = "gnu++14";
				CLANG_CXX_LIBRARY = "libc++";
				CLANG_ENABLE_MODULES = YES;
				CLANG_ENABLE_OBJC_ARC = YES;
				CLANG_ENABLE_OBJC_WEAK = YES;
				CLANG_WARN_BLOCK_CAPTURE_AUTORELEASING = YES;
				CLANG_WARN_BOOL_CONVERSION = YES;
				CLANG_WARN_COMMA = YES;
				CLANG_WARN_CONSTANT_CONVERSION = YES;
				CLANG_WARN_DEPRECATED_OBJC_IMPLEMENTATIONS = YES;
				CLANG_WARN_DIRECT_OBJC_ISA_USAGE = YES_ERROR;
				CLANG_WARN_DOCUMENTATION_COMMENTS = YES;
				CLANG_WARN_EMPTY_BODY = YES;
				CLANG_WARN_ENUM_CONVERSION = YES;
				CLANG_WARN_INFINITE_RECURSION = YES;
				CLANG_WARN_INT_CONVERSION = YES;
				CLANG_WARN_NON_LITERAL_NULL_CONVERSION = YES;
				CLANG_WARN_OBJC_IMPLICIT_RETAIN_SELF = YES;
				CLANG_WARN_OBJC_LITERAL_CONVERSION = YES;
				CLANG_WARN_OBJC_ROOT_CLASS = YES_ERROR;
				CLANG_WARN_QUOTED_INCLUDE_IN_FRAMEWORK_HEADER = YES;
				CLANG_WARN_RANGE_LOOP_ANALYSIS = YES;
				CLANG_WARN_STRICT_PROTOTYPES = YES;
				CLANG_WARN_SUSPICIOUS_MOVE = YES;
				CLANG_WARN_UNGUARDED_AVAILABILITY = YES_AGGRESSIVE;
				CLANG_WARN_UNREACHABLE_CODE = YES;
				CLANG_WARN__DUPLICATE_METHOD_MATCH = YES;
				COPY_PHASE_STRIP = NO;
				DEBUG_INFORMATION_FORMAT = dwarf;
				ENABLE_STRICT_OBJC_MSGSEND = YES;
				ENABLE_TESTABILITY = YES;
				GCC_C_LANGUAGE_STANDARD = gnu11;
				GCC_DYNAMIC_NO_PIC = NO;
				GCC_NO_COMMON_BLOCKS = YES;
				GCC_OPTIMIZATION_LEVEL = 0;
				GCC_PREPROCESSOR_DEFINITIONS = (
					"DEBUG=1",
					"$(inherited)",
				);
				GCC_WARN_64_TO_32_BIT_CONVERSION = YES;
				GCC_WARN_ABOUT_RETURN_TYPE = YES_ERROR;
				GCC_WARN_UNDECLARED_SELECTOR = YES;
				GCC_WARN_UNINITIALIZED_AUTOS = YES_AGGRESSIVE;
				GCC_WARN_UNUSED_FUNCTION = YES;
				GCC_WARN_UNUSED_VARIABLE = YES;
				IPHONEOS_DEPLOYMENT_TARGET = 14.5;
				MTL_ENABLE_DEBUG_INFO = INCLUDE_SOURCE;
				MTL_FAST_MATH = YES;
				ONLY_ACTIVE_ARCH = YES;
				SDKROOT = iphoneos;
				SWIFT_ACTIVE_COMPILATION_CONDITIONS = DEBUG;
				SWIFT_OPTIMIZATION_LEVEL = "-Onone";
			};
			name = Debug;
		};
		747AB19D26C0034900945FFD /* Release */ = {
			isa = XCBuildConfiguration;
			buildSettings = {
				ALWAYS_SEARCH_USER_PATHS = NO;
				CLANG_ANALYZER_NONNULL = YES;
				CLANG_ANALYZER_NUMBER_OBJECT_CONVERSION = YES_AGGRESSIVE;
				CLANG_CXX_LANGUAGE_STANDARD = "gnu++14";
				CLANG_CXX_LIBRARY = "libc++";
				CLANG_ENABLE_MODULES = YES;
				CLANG_ENABLE_OBJC_ARC = YES;
				CLANG_ENABLE_OBJC_WEAK = YES;
				CLANG_WARN_BLOCK_CAPTURE_AUTORELEASING = YES;
				CLANG_WARN_BOOL_CONVERSION = YES;
				CLANG_WARN_COMMA = YES;
				CLANG_WARN_CONSTANT_CONVERSION = YES;
				CLANG_WARN_DEPRECATED_OBJC_IMPLEMENTATIONS = YES;
				CLANG_WARN_DIRECT_OBJC_ISA_USAGE = YES_ERROR;
				CLANG_WARN_DOCUMENTATION_COMMENTS = YES;
				CLANG_WARN_EMPTY_BODY = YES;
				CLANG_WARN_ENUM_CONVERSION = YES;
				CLANG_WARN_INFINITE_RECURSION = YES;
				CLANG_WARN_INT_CONVERSION = YES;
				CLANG_WARN_NON_LITERAL_NULL_CONVERSION = YES;
				CLANG_WARN_OBJC_IMPLICIT_RETAIN_SELF = YES;
				CLANG_WARN_OBJC_LITERAL_CONVERSION = YES;
				CLANG_WARN_OBJC_ROOT_CLASS = YES_ERROR;
				CLANG_WARN_QUOTED_INCLUDE_IN_FRAMEWORK_HEADER = YES;
				CLANG_WARN_RANGE_LOOP_ANALYSIS = YES;
				CLANG_WARN_STRICT_PROTOTYPES = YES;
				CLANG_WARN_SUSPICIOUS_MOVE = YES;
				CLANG_WARN_UNGUARDED_AVAILABILITY = YES_AGGRESSIVE;
				CLANG_WARN_UNREACHABLE_CODE = YES;
				CLANG_WARN__DUPLICATE_METHOD_MATCH = YES;
				COPY_PHASE_STRIP = NO;
				DEBUG_INFORMATION_FORMAT = "dwarf-with-dsym";
				ENABLE_NS_ASSERTIONS = NO;
				ENABLE_STRICT_OBJC_MSGSEND = YES;
				GCC_C_LANGUAGE_STANDARD = gnu11;
				GCC_NO_COMMON_BLOCKS = YES;
				GCC_WARN_64_TO_32_BIT_CONVERSION = YES;
				GCC_WARN_ABOUT_RETURN_TYPE = YES_ERROR;
				GCC_WARN_UNDECLARED_SELECTOR = YES;
				GCC_WARN_UNINITIALIZED_AUTOS = YES_AGGRESSIVE;
				GCC_WARN_UNUSED_FUNCTION = YES;
				GCC_WARN_UNUSED_VARIABLE = YES;
				IPHONEOS_DEPLOYMENT_TARGET = 14.5;
				MTL_ENABLE_DEBUG_INFO = NO;
				MTL_FAST_MATH = YES;
				SDKROOT = iphoneos;
				SWIFT_COMPILATION_MODE = wholemodule;
				SWIFT_OPTIMIZATION_LEVEL = "-O";
				VALIDATE_PRODUCT = YES;
			};
			name = Release;
		};
		747AB19F26C0034900945FFD /* Debug */ = {
			isa = XCBuildConfiguration;
			buildSettings = {
				ASSETCATALOG_COMPILER_APPICON_NAME = AppIcon;
				ASSETCATALOG_COMPILER_GLOBAL_ACCENT_COLOR_NAME = AccentColor;
				CODE_SIGN_STYLE = Automatic;
				DEVELOPMENT_TEAM = 2NJA6A6R83;
				INFOPLIST_FILE = MyCars/Info.plist;
				LD_RUNPATH_SEARCH_PATHS = (
					"$(inherited)",
					"@executable_path/Frameworks",
				);
				PRODUCT_BUNDLE_IDENTIFIER = SashaGuzhavin.MyCars;
				PRODUCT_NAME = "$(TARGET_NAME)";
				SWIFT_VERSION = 5.0;
				TARGETED_DEVICE_FAMILY = "1,2";
			};
			name = Debug;
		};
		747AB1A026C0034900945FFD /* Release */ = {
			isa = XCBuildConfiguration;
			buildSettings = {
				ASSETCATALOG_COMPILER_APPICON_NAME = AppIcon;
				ASSETCATALOG_COMPILER_GLOBAL_ACCENT_COLOR_NAME = AccentColor;
				CODE_SIGN_STYLE = Automatic;
				DEVELOPMENT_TEAM = 2NJA6A6R83;
				INFOPLIST_FILE = MyCars/Info.plist;
				LD_RUNPATH_SEARCH_PATHS = (
					"$(inherited)",
					"@executable_path/Frameworks",
				);
				PRODUCT_BUNDLE_IDENTIFIER = SashaGuzhavin.MyCars;
				PRODUCT_NAME = "$(TARGET_NAME)";
				SWIFT_VERSION = 5.0;
				TARGETED_DEVICE_FAMILY = "1,2";
			};
			name = Release;
		};
/* End XCBuildConfiguration section */

/* Begin XCConfigurationList section */
		747AB18226C0034400945FFD /* Build configuration list for PBXProject "MyCars" */ = {
			isa = XCConfigurationList;
			buildConfigurations = (
				747AB19C26C0034900945FFD /* Debug */,
				747AB19D26C0034900945FFD /* Release */,
			);
			defaultConfigurationIsVisible = 0;
			defaultConfigurationName = Release;
		};
		747AB19E26C0034900945FFD /* Build configuration list for PBXNativeTarget "MyCars" */ = {
			isa = XCConfigurationList;
			buildConfigurations = (
				747AB19F26C0034900945FFD /* Debug */,
				747AB1A026C0034900945FFD /* Release */,
			);
			defaultConfigurationIsVisible = 0;
			defaultConfigurationName = Release;
		};
/* End XCConfigurationList section */

/* Begin XCVersionGroup section */
		747AB19326C0034400945FFD /* MyCars.xcdatamodeld */ = {
			isa = XCVersionGroup;
			children = (
				747AB19426C0034400945FFD /* MyCars.xcdatamodel */,
			);
			currentVersion = 747AB19426C0034400945FFD /* MyCars.xcdatamodel */;
			path = MyCars.xcdatamodeld;
			sourceTree = "<group>";
			versionGroupType = wrapper.xcdatamodel;
		};
/* End XCVersionGroup section */
	};
	rootObject = 747AB17F26C0034400945FFD /* Project object */;
}
